
Microsoft Visual Studio Solution File, Format Version 11.00
# Visual Studio 2010
Project("{FAE04EC0-301F-11D3-BF4B-00C04F79EFBC}") = "Assembly-CSharp", "Assembly-CSharp.csproj", "{dd2b9d8e-16c0-1239-e067-f21bf2251527}"
EndProject
Project("{FAE04EC0-301F-11D3-BF4B-00C04F79EFBC}") = "PhotonUnityNetworking.Demos", "PhotonUnityNetworking.Demos.csproj", "{0f5e7a32-2ada-8d0d-97bd-c16ce7749482}"
EndProject
Project("{FAE04EC0-301F-11D3-BF4B-00C04F79EFBC}") = "PhotonUnityNetworking.Utilities", "PhotonUnityNetworking.Utilities.csproj", "{0e6363ef-3f05-f69e-a4ba-47ffddf109a8}"
EndProject
Project("{FAE04EC0-301F-11D3-BF4B-00C04F79EFBC}") = "Oculus.Platform", "Oculus.Platform.csproj", "{f684f480-2952-5715-bf00-69ec7a00c03d}"
EndProject
Project("{FAE04EC0-301F-11D3-BF4B-00C04F79EFBC}") = "Oculus.VR", "Oculus.VR.csproj", "{1084622e-bbd5-40df-c19f-915a8d4cf8b3}"
EndProject
Project("{FAE04EC0-301F-11D3-BF4B-00C04F79EFBC}") = "PhotonChat", "PhotonChat.csproj", "{c0e04ad5-6201-17e1-b430-0e34c007ec6a}"
EndProject
Project("{FAE04EC0-301F-11D3-BF4B-00C04F79EFBC}") = "PhotonUnityNetworking", "PhotonUnityNetworking.csproj", "{f57082df-7fd6-2a77-d37d-b21f05d5a146}"
EndProject
Project("{FAE04EC0-301F-11D3-BF4B-00C04F79EFBC}") = "PhotonRealtime", "PhotonRealtime.csproj", "{4940f821-606f-c7f9-05e8-b0daad1e22fb}"
EndProject
Project("{FAE04EC0-301F-11D3-BF4B-00C04F79EFBC}") = "PhotonWebSocket", "PhotonWebSocket.csproj", "{5270295b-29e4-5886-c205-d648ed2891e9}"
EndProject
Project("{FAE04EC0-301F-11D3-BF4B-00C04F79EFBC}") = "Assembly-CSharp-Editor", "Assembly-CSharp-Editor.csproj", "{1e64b016-c1ee-8bea-d47a-c78ab5343851}"
EndProject
Project("{FAE04EC0-301F-11D3-BF4B-00C04F79EFBC}") = "Oculus.VR.Scripts.Editor", "Oculus.VR.Scripts.Editor.csproj", "{2a170994-eff0-67bf-1423-75008384ff78}"
EndProject
Project("{FAE04EC0-301F-11D3-BF4B-00C04F79EFBC}") = "Oculus.VR.Editor", "Oculus.VR.Editor.csproj", "{032b759f-3ff6-0a95-fd25-34914c0f6a33}"
EndProject
Project("{FAE04EC0-301F-11D3-BF4B-00C04F79EFBC}") = "PhotonUnityNetworking.Editor", "PhotonUnityNetworking.Editor.csproj", "{66923468-d051-5175-31b3-db704d3a4836}"
EndProject
Project("{FAE04EC0-301F-11D3-BF4B-00C04F79EFBC}") = "Oculus.Platform.Editor", "Oculus.Platform.Editor.csproj", "{717816a6-d41c-6a7e-e016-8a5e8ed5c880}"
EndProject
Project("{FAE04EC0-301F-11D3-BF4B-00C04F79EFBC}") = "PunDemos.DemoHubEditor", "PunDemos.DemoHubEditor.csproj", "{f73a911a-e47e-327b-6782-cb4ffe8cdced}"
EndProject
Project("{FAE04EC0-301F-11D3-BF4B-00C04F79EFBC}") = "PhotonUnityNetworking.Utilities.PhotonPlayer.Editor", "PhotonUnityNetworking.Utilities.PhotonPlayer.Editor.csproj", "{cc08d3f0-2889-6d0a-1635-d91b916e2551}"
EndProject
Project("{FAE04EC0-301F-11D3-BF4B-00C04F79EFBC}") = "PhotonUnityNetworking.Utilities.Culling.Editor", "PhotonUnityNetworking.Utilities.Culling.Editor.csproj", "{509c1226-2bd9-7f7d-ee24-6c91dc01b0a8}"
EndProject
Project("{FAE04EC0-301F-11D3-BF4B-00C04F79EFBC}") = "PunDemos.DemoSlotcarEditor", "PunDemos.DemoSlotcarEditor.csproj", "{b0604cc7-40d0-e83c-994e-822c0f9c1da0}"
EndProject
Global
	GlobalSection(SolutionConfigurationPlatforms) = preSolution
		Debug|Any CPU = Debug|Any CPU
	EndGlobalSection
	GlobalSection(ProjectConfigurationPlatforms) = postSolution
		{dd2b9d8e-16c0-1239-e067-f21bf2251527}.Debug|Any CPU.ActiveCfg = Debug|Any CPU
		{dd2b9d8e-16c0-1239-e067-f21bf2251527}.Debug|Any CPU.Build.0 = Debug|Any CPU
		{0f5e7a32-2ada-8d0d-97bd-c16ce7749482}.Debug|Any CPU.ActiveCfg = Debug|Any CPU
		{0f5e7a32-2ada-8d0d-97bd-c16ce7749482}.Debug|Any CPU.Build.0 = Debug|Any CPU
		{0e6363ef-3f05-f69e-a4ba-47ffddf109a8}.Debug|Any CPU.ActiveCfg = Debug|Any CPU
		{0e6363ef-3f05-f69e-a4ba-47ffddf109a8}.Debug|Any CPU.Build.0 = Debug|Any CPU
		{f684f480-2952-5715-bf00-69ec7a00c03d}.Debug|Any CPU.ActiveCfg = Debug|Any CPU
		{f684f480-2952-5715-bf00-69ec7a00c03d}.Debug|Any CPU.Build.0 = Debug|Any CPU
		{1084622e-bbd5-40df-c19f-915a8d4cf8b3}.Debug|Any CPU.ActiveCfg = Debug|Any CPU
		{1084622e-bbd5-40df-c19f-915a8d4cf8b3}.Debug|Any CPU.Build.0 = Debug|Any CPU
		{c0e04ad5-6201-17e1-b430-0e34c007ec6a}.Debug|Any CPU.ActiveCfg = Debug|Any CPU
		{c0e04ad5-6201-17e1-b430-0e34c007ec6a}.Debug|Any CPU.Build.0 = Debug|Any CPU
		{f57082df-7fd6-2a77-d37d-b21f05d5a146}.Debug|Any CPU.ActiveCfg = Debug|Any CPU
		{f57082df-7fd6-2a77-d37d-b21f05d5a146}.Debug|Any CPU.Build.0 = Debug|Any CPU
		{4940f821-606f-c7f9-05e8-b0daad1e22fb}.Debug|Any CPU.ActiveCfg = Debug|Any CPU
		{4940f821-606f-c7f9-05e8-b0daad1e22fb}.Debug|Any CPU.Build.0 = Debug|Any CPU
		{5270295b-29e4-5886-c205-d648ed2891e9}.Debug|Any CPU.ActiveCfg = Debug|Any CPU
		{5270295b-29e4-5886-c205-d648ed2891e9}.Debug|Any CPU.Build.0 = Debug|Any CPU
		{1e64b016-c1ee-8bea-d47a-c78ab5343851}.Debug|Any CPU.ActiveCfg = Debug|Any CPU
		{1e64b016-c1ee-8bea-d47a-c78ab5343851}.Debug|Any CPU.Build.0 = Debug|Any CPU
		{2a170994-eff0-67bf-1423-75008384ff78}.Debug|Any CPU.ActiveCfg = Debug|Any CPU
		{2a170994-eff0-67bf-1423-75008384ff78}.Debug|Any CPU.Build.0 = Debug|Any CPU
		{032b759f-3ff6-0a95-fd25-34914c0f6a33}.Debug|Any CPU.ActiveCfg = Debug|Any CPU
		{032b759f-3ff6-0a95-fd25-34914c0f6a33}.Debug|Any CPU.Build.0 = Debug|Any CPU
		{66923468-d051-5175-31b3-db704d3a4836}.Debug|Any CPU.ActiveCfg = Debug|Any CPU
		{66923468-d051-5175-31b3-db704d3a4836}.Debug|Any CPU.Build.0 = Debug|Any CPU
		{717816a6-d41c-6a7e-e016-8a5e8ed5c880}.Debug|Any CPU.ActiveCfg = Debug|Any CPU
		{717816a6-d41c-6a7e-e016-8a5e8ed5c880}.Debug|Any CPU.Build.0 = Debug|Any CPU
		{f73a911a-e47e-327b-6782-cb4ffe8cdced}.Debug|Any CPU.ActiveCfg = Debug|Any CPU
		{f73a911a-e47e-327b-6782-cb4ffe8cdced}.Debug|Any CPU.Build.0 = Debug|Any CPU
		{cc08d3f0-2889-6d0a-1635-d91b916e2551}.Debug|Any CPU.ActiveCfg = Debug|Any CPU
		{cc08d3f0-2889-6d0a-1635-d91b916e2551}.Debug|Any CPU.Build.0 = Debug|Any CPU
		{509c1226-2bd9-7f7d-ee24-6c91dc01b0a8}.Debug|Any CPU.ActiveCfg = Debug|Any CPU
		{509c1226-2bd9-7f7d-ee24-6c91dc01b0a8}.Debug|Any CPU.Build.0 = Debug|Any CPU
		{b0604cc7-40d0-e83c-994e-822c0f9c1da0}.Debug|Any CPU.ActiveCfg = Debug|Any CPU
		{b0604cc7-40d0-e83c-994e-822c0f9c1da0}.Debug|Any CPU.Build.0 = Debug|Any CPU
	EndGlobalSection
	GlobalSection(SolutionProperties) = preSolution
		HideSolutionNode = FALSE
	EndGlobalSection
EndGlobal
